{
  "originHash" : "ad527da19c4eff5194a55550aead67eca6e378050b68644b68c94a579a812134",
  "pins" : [
    {
      "identity" : "xcdyoutubekit",
      "kind" : "remoteSourceControl",
      "location" : "https://github.com/0xced/XCDYouTubeKit.git",
      "state" : {
        "revision" : "23f765941b36d6d28215ab81a37af1039d29138b",
        "version" : "2.15.2"
      }
    }
  ],
  "version" : 3
}
